{
  "name": "gather-distributed",
  "version": "1.0.0",
  "lockfileVersion": 3,
  "requires": true,
  "packages": {
    "": {
      "name": "gather-distributed",
      "version": "1.0.0",
      "license": "ISC",
      "workspaces": [
        "apps/*",
        "packages/*"
      ]
    },
    "node_modules/@gather/shared-types": {
      "resolved": "packages/shared-types",
      "link": true
    },
    "node_modules/@gather/socket-events": {
      "resolved": "packages/socket-events",
      "link": true
    },
    "packages/shared-types": {
      "name": "@gather/shared-types",
      "version": "1.0.0",
      "license": "ISC"
    },
    "packages/socket-events": {
      "name": "@gather/socket-events",
      "version": "1.0.0",
      "license": "ISC"
    }
  }
}
